
Microsoft Visual Studio Solution File, Format Version 12.00
# Visual Studio Version 17
VisualStudioVersion = 17.0.31903.59
MinimumVisualStudioVersion = 10.0.40219.1
Project("{2150E333-8FDC-42A3-9474-1A3956D46DE8}") = "src", "src", "{827E0CD3-B72D-47B6-A68D-7590B98EB39B}"
EndProject
Project("{FAE04EC0-301F-11D3-BF4B-00C04F79EFBC}") = "CarCheck.Domain", "src\CarCheck.Domain\CarCheck.Domain.csproj", "{F1DCFF8D-0632-4C26-A1DC-AA4C4604FBBB}"
EndProject
Project("{FAE04EC0-301F-11D3-BF4B-00C04F79EFBC}") = "CarCheck.Application", "src\CarCheck.Application\CarCheck.Application.csproj", "{891D6539-4B7B-46A1-B23F-1A5A6BE36DBB}"
EndProject
Project("{FAE04EC0-301F-11D3-BF4B-00C04F79EFBC}") = "CarCheck.Infrastructure", "src\CarCheck.Infrastructure\CarCheck.Infrastructure.csproj", "{79929A5F-C580-473B-9BA9-C99B27ECB29D}"
EndProject
Project("{FAE04EC0-301F-11D3-BF4B-00C04F79EFBC}") = "CarCheck.API", "src\CarCheck.API\CarCheck.API.csproj", "{9FFF9147-773E-4400-BDBC-176C1F402985}"
EndProject
Project("{FAE04EC0-301F-11D3-BF4B-00C04F79EFBC}") = "CarCheck.Domain.Tests", "tests\CarCheck.Domain.Tests\CarCheck.Domain.Tests.csproj", "{E854C614-3579-499A-BE4C-10DB56D53707}"
EndProject
Project("{FAE04EC0-301F-11D3-BF4B-00C04F79EFBC}") = "CarCheck.Application.Tests", "tests\CarCheck.Application.Tests\CarCheck.Application.Tests.csproj", "{C5E8A997-43A7-44F8-81D3-A08698972D52}"
EndProject
Project("{FAE04EC0-301F-11D3-BF4B-00C04F79EFBC}") = "CarCheck.Infrastructure.Tests", "tests\CarCheck.Infrastructure.Tests\CarCheck.Infrastructure.Tests.csproj", "{14D68B19-E5A8-4011-8620-FFF508DAECFC}"
EndProject
Project("{FAE04EC0-301F-11D3-BF4B-00C04F79EFBC}") = "CarCheck.API.Tests", "tests\CarCheck.API.Tests\CarCheck.API.Tests.csproj", "{79F3C56E-CCE8-46AB-A9F6-89262B655AFC}"
EndProject
Global
	GlobalSection(SolutionConfigurationPlatforms) = preSolution
		Debug|Any CPU = Debug|Any CPU
		Debug|x64 = Debug|x64
		Debug|x86 = Debug|x86
		Release|Any CPU = Release|Any CPU
		Release|x64 = Release|x64
		Release|x86 = Release|x86
	EndGlobalSection
	GlobalSection(ProjectConfigurationPlatforms) = postSolution
		{F1DCFF8D-0632-4C26-A1DC-AA4C4604FBBB}.Debug|Any CPU.ActiveCfg = Debug|Any CPU
		{F1DCFF8D-0632-4C26-A1DC-AA4C4604FBBB}.Debug|Any CPU.Build.0 = Debug|Any CPU
		{F1DCFF8D-0632-4C26-A1DC-AA4C4604FBBB}.Debug|x64.ActiveCfg = Debug|Any CPU
		{F1DCFF8D-0632-4C26-A1DC-AA4C4604FBBB}.Debug|x64.Build.0 = Debug|Any CPU
		{F1DCFF8D-0632-4C26-A1DC-AA4C4604FBBB}.Debug|x86.ActiveCfg = Debug|Any CPU
		{F1DCFF8D-0632-4C26-A1DC-AA4C4604FBBB}.Debug|x86.Build.0 = Debug|Any CPU
		{F1DCFF8D-0632-4C26-A1DC-AA4C4604FBBB}.Release|Any CPU.ActiveCfg = Release|Any CPU
		{F1DCFF8D-0632-4C26-A1DC-AA4C4604FBBB}.Release|Any CPU.Build.0 = Release|Any CPU
		{F1DCFF8D-0632-4C26-A1DC-AA4C4604FBBB}.Release|x64.ActiveCfg = Release|Any CPU
		{F1DCFF8D-0632-4C26-A1DC-AA4C4604FBBB}.Release|x64.Build.0 = Release|Any CPU
		{F1DCFF8D-0632-4C26-A1DC-AA4C4604FBBB}.Release|x86.ActiveCfg = Release|Any CPU
		{F1DCFF8D-0632-4C26-A1DC-AA4C4604FBBB}.Release|x86.Build.0 = Release|Any CPU
		{891D6539-4B7B-46A1-B23F-1A5A6BE36DBB}.Debug|Any CPU.ActiveCfg = Debug|Any CPU
		{891D6539-4B7B-46A1-B23F-1A5A6BE36DBB}.Debug|Any CPU.Build.0 = Debug|Any CPU
		{891D6539-4B7B-46A1-B23F-1A5A6BE36DBB}.Debug|x64.ActiveCfg = Debug|Any CPU
		{891D6539-4B7B-46A1-B23F-1A5A6BE36DBB}.Debug|x64.Build.0 = Debug|Any CPU
		{891D6539-4B7B-46A1-B23F-1A5A6BE36DBB}.Debug|x86.ActiveCfg = Debug|Any CPU
		{891D6539-4B7B-46A1-B23F-1A5A6BE36DBB}.Debug|x86.Build.0 = Debug|Any CPU
		{891D6539-4B7B-46A1-B23F-1A5A6BE36DBB}.Release|Any CPU.ActiveCfg = Release|Any CPU
		{891D6539-4B7B-46A1-B23F-1A5A6BE36DBB}.Release|Any CPU.Build.0 = Release|Any CPU
		{891D6539-4B7B-46A1-B23F-1A5A6BE36DBB}.Release|x64.ActiveCfg = Release|Any CPU
		{891D6539-4B7B-46A1-B23F-1A5A6BE36DBB}.Release|x64.Build.0 = Release|Any CPU
		{891D6539-4B7B-46A1-B23F-1A5A6BE36DBB}.Release|x86.ActiveCfg = Release|Any CPU
		{891D6539-4B7B-46A1-B23F-1A5A6BE36DBB}.Release|x86.Build.0 = Release|Any CPU
		{79929A5F-C580-473B-9BA9-C99B27ECB29D}.Debug|Any CPU.ActiveCfg = Debug|Any CPU
		{79929A5F-C580-473B-9BA9-C99B27ECB29D}.Debug|Any CPU.Build.0 = Debug|Any CPU
		{79929A5F-C580-473B-9BA9-C99B27ECB29D}.Debug|x64.ActiveCfg = Debug|Any CPU
		{79929A5F-C580-473B-9BA9-C99B27ECB29D}.Debug|x64.Build.0 = Debug|Any CPU
		{79929A5F-C580-473B-9BA9-C99B27ECB29D}.Debug|x86.ActiveCfg = Debug|Any CPU
		{79929A5F-C580-473B-9BA9-C99B27ECB29D}.Debug|x86.Build.0 = Debug|Any CPU
		{79929A5F-C580-473B-9BA9-C99B27ECB29D}.Release|Any CPU.ActiveCfg = Release|Any CPU
		{79929A5F-C580-473B-9BA9-C99B27ECB29D}.Release|Any CPU.Build.0 = Release|Any CPU
		{79929A5F-C580-473B-9BA9-C99B27ECB29D}.Release|x64.ActiveCfg = Release|Any CPU
		{79929A5F-C580-473B-9BA9-C99B27ECB29D}.Release|x64.Build.0 = Release|Any CPU
		{79929A5F-C580-473B-9BA9-C99B27ECB29D}.Release|x86.ActiveCfg = Release|Any CPU
		{79929A5F-C580-473B-9BA9-C99B27ECB29D}.Release|x86.Build.0 = Release|Any CPU
		{9FFF9147-773E-4400-BDBC-176C1F402985}.Debug|Any CPU.ActiveCfg = Debug|Any CPU
		{9FFF9147-773E-4400-BDBC-176C1F402985}.Debug|Any CPU.Build.0 = Debug|Any CPU
		{9FFF9147-773E-4400-BDBC-176C1F402985}.Debug|x64.ActiveCfg = Debug|Any CPU
		{9FFF9147-773E-4400-BDBC-176C1F402985}.Debug|x64.Build.0 = Debug|Any CPU
		{9FFF9147-773E-4400-BDBC-176C1F402985}.Debug|x86.ActiveCfg = Debug|Any CPU
		{9FFF9147-773E-4400-BDBC-176C1F402985}.Debug|x86.Build.0 = Debug|Any CPU
		{9FFF9147-773E-4400-BDBC-176C1F402985}.Release|Any CPU.ActiveCfg = Release|Any CPU
		{9FFF9147-773E-4400-BDBC-176C1F402985}.Release|Any CPU.Build.0 = Release|Any CPU
		{9FFF9147-773E-4400-BDBC-176C1F402985}.Release|x64.ActiveCfg = Release|Any CPU
		{9FFF9147-773E-4400-BDBC-176C1F402985}.Release|x64.Build.0 = Release|Any CPU
		{9FFF9147-773E-4400-BDBC-176C1F402985}.Release|x86.ActiveCfg = Release|Any CPU
		{9FFF9147-773E-4400-BDBC-176C1F402985}.Release|x86.Build.0 = Release|Any CPU
		{E854C614-3579-499A-BE4C-10DB56D53707}.Debug|Any CPU.ActiveCfg = Debug|Any CPU
		{E854C614-3579-499A-BE4C-10DB56D53707}.Debug|Any CPU.Build.0 = Debug|Any CPU
		{E854C614-3579-499A-BE4C-10DB56D53707}.Debug|x64.ActiveCfg = Debug|Any CPU
		{E854C614-3579-499A-BE4C-10DB56D53707}.Debug|x64.Build.0 = Debug|Any CPU
		{E854C614-3579-499A-BE4C-10DB56D53707}.Debug|x86.ActiveCfg = Debug|Any CPU
		{E854C614-3579-499A-BE4C-10DB56D53707}.Debug|x86.Build.0 = Debug|Any CPU
		{E854C614-3579-499A-BE4C-10DB56D53707}.Release|Any CPU.ActiveCfg = Release|Any CPU
		{E854C614-3579-499A-BE4C-10DB56D53707}.Release|Any CPU.Build.0 = Release|Any CPU
		{E854C614-3579-499A-BE4C-10DB56D53707}.Release|x64.ActiveCfg = Release|Any CPU
		{E854C614-3579-499A-BE4C-10DB56D53707}.Release|x64.Build.0 = Release|Any CPU
		{E854C614-3579-499A-BE4C-10DB56D53707}.Release|x86.ActiveCfg = Release|Any CPU
		{E854C614-3579-499A-BE4C-10DB56D53707}.Release|x86.Build.0 = Release|Any CPU
		{C5E8A997-43A7-44F8-81D3-A08698972D52}.Debug|Any CPU.ActiveCfg = Debug|Any CPU
		{C5E8A997-43A7-44F8-81D3-A08698972D52}.Debug|Any CPU.Build.0 = Debug|Any CPU
		{C5E8A997-43A7-44F8-81D3-A08698972D52}.Debug|x64.ActiveCfg = Debug|Any CPU
		{C5E8A997-43A7-44F8-81D3-A08698972D52}.Debug|x64.Build.0 = Debug|Any CPU
		{C5E8A997-43A7-44F8-81D3-A08698972D52}.Debug|x86.ActiveCfg = Debug|Any CPU
		{C5E8A997-43A7-44F8-81D3-A08698972D52}.Debug|x86.Build.0 = Debug|Any CPU
		{C5E8A997-43A7-44F8-81D3-A08698972D52}.Release|Any CPU.ActiveCfg = Release|Any CPU
		{C5E8A997-43A7-44F8-81D3-A08698972D52}.Release|Any CPU.Build.0 = Release|Any CPU
		{C5E8A997-43A7-44F8-81D3-A08698972D52}.Release|x64.ActiveCfg = Release|Any CPU
		{C5E8A997-43A7-44F8-81D3-A08698972D52}.Release|x64.Build.0 = Release|Any CPU
		{C5E8A997-43A7-44F8-81D3-A08698972D52}.Release|x86.ActiveCfg = Release|Any CPU
		{C5E8A997-43A7-44F8-81D3-A08698972D52}.Release|x86.Build.0 = Release|Any CPU
		{14D68B19-E5A8-4011-8620-FFF508DAECFC}.Debug|Any CPU.ActiveCfg = Debug|Any CPU
		{14D68B19-E5A8-4011-8620-FFF508DAECFC}.Debug|Any CPU.Build.0 = Debug|Any CPU
		{14D68B19-E5A8-4011-8620-FFF508DAECFC}.Debug|x64.ActiveCfg = Debug|Any CPU
		{14D68B19-E5A8-4011-8620-FFF508DAECFC}.Debug|x64.Build.0 = Debug|Any CPU
		{14D68B19-E5A8-4011-8620-FFF508DAECFC}.Debug|x86.ActiveCfg = Debug|Any CPU
		{14D68B19-E5A8-4011-8620-FFF508DAECFC}.Debug|x86.Build.0 = Debug|Any CPU
		{14D68B19-E5A8-4011-8620-FFF508DAECFC}.Release|Any CPU.ActiveCfg = Release|Any CPU
		{14D68B19-E5A8-4011-8620-FFF508DAECFC}.Release|Any CPU.Build.0 = Release|Any CPU
		{14D68B19-E5A8-4011-8620-FFF508DAECFC}.Release|x64.ActiveCfg = Release|Any CPU
		{14D68B19-E5A8-4011-8620-FFF508DAECFC}.Release|x64.Build.0 = Release|Any CPU
		{14D68B19-E5A8-4011-8620-FFF508DAECFC}.Release|x86.ActiveCfg = Release|Any CPU
		{14D68B19-E5A8-4011-8620-FFF508DAECFC}.Release|x86.Build.0 = Release|Any CPU
		{79F3C56E-CCE8-46AB-A9F6-89262B655AFC}.Debug|Any CPU.ActiveCfg = Debug|Any CPU
		{79F3C56E-CCE8-46AB-A9F6-89262B655AFC}.Debug|Any CPU.Build.0 = Debug|Any CPU
		{79F3C56E-CCE8-46AB-A9F6-89262B655AFC}.Debug|x64.ActiveCfg = Debug|Any CPU
		{79F3C56E-CCE8-46AB-A9F6-89262B655AFC}.Debug|x64.Build.0 = Debug|Any CPU
		{79F3C56E-CCE8-46AB-A9F6-89262B655AFC}.Debug|x86.ActiveCfg = Debug|Any CPU
		{79F3C56E-CCE8-46AB-A9F6-89262B655AFC}.Debug|x86.Build.0 = Debug|Any CPU
		{79F3C56E-CCE8-46AB-A9F6-89262B655AFC}.Release|Any CPU.ActiveCfg = Release|Any CPU
		{79F3C56E-CCE8-46AB-A9F6-89262B655AFC}.Release|Any CPU.Build.0 = Release|Any CPU
		{79F3C56E-CCE8-46AB-A9F6-89262B655AFC}.Release|x64.ActiveCfg = Release|Any CPU
		{79F3C56E-CCE8-46AB-A9F6-89262B655AFC}.Release|x64.Build.0 = Release|Any CPU
		{79F3C56E-CCE8-46AB-A9F6-89262B655AFC}.Release|x86.ActiveCfg = Release|Any CPU
		{79F3C56E-CCE8-46AB-A9F6-89262B655AFC}.Release|x86.Build.0 = Release|Any CPU
	EndGlobalSection
	GlobalSection(SolutionProperties) = preSolution
		HideSolutionNode = FALSE
	EndGlobalSection
	GlobalSection(NestedProjects) = preSolution
		{F1DCFF8D-0632-4C26-A1DC-AA4C4604FBBB} = {827E0CD3-B72D-47B6-A68D-7590B98EB39B}
		{891D6539-4B7B-46A1-B23F-1A5A6BE36DBB} = {827E0CD3-B72D-47B6-A68D-7590B98EB39B}
		{79929A5F-C580-473B-9BA9-C99B27ECB29D} = {827E0CD3-B72D-47B6-A68D-7590B98EB39B}
		{9FFF9147-773E-4400-BDBC-176C1F402985} = {827E0CD3-B72D-47B6-A68D-7590B98EB39B}
		{E854C614-3579-499A-BE4C-10DB56D53707} = {827E0CD3-B72D-47B6-A68D-7590B98EB39B}
		{C5E8A997-43A7-44F8-81D3-A08698972D52} = {827E0CD3-B72D-47B6-A68D-7590B98EB39B}
		{14D68B19-E5A8-4011-8620-FFF508DAECFC} = {827E0CD3-B72D-47B6-A68D-7590B98EB39B}
		{79F3C56E-CCE8-46AB-A9F6-89262B655AFC} = {827E0CD3-B72D-47B6-A68D-7590B98EB39B}
	EndGlobalSection
EndGlobal
